{
  "name": "cables-shared-api",
  "version": "0.0.1",
  "lockfileVersion": 2,
  "requires": true,
  "packages": {
    "": {
      "name": "cables-shared-api",
      "version": "0.0.1",
      "hasInstallScript": true,
      "license": "MIT",
      "engines": {
        "node": "18.14.2"
      }
    }
  }
}
